// !$*UTF8*$!
{
	archiveVersion = 1;
	classes = {
	};
	objectVersion = 50;
	objects = {

/* Begin PBXBuildFile section */
		1405B5C720A2EC4A00426B2F /* AppDelegate.swift in Sources */ = {isa = PBXBuildFile; fileRef = 1405B5C620A2EC4A00426B2F /* AppDelegate.swift */; };
		1405B5CD20A2EC4A00426B2F /* GameScene.swift in Sources */ = {isa = PBXBuildFile; fileRef = 1405B5CC20A2EC4A00426B2F /* GameScene.swift */; };
		1405B5CF20A2EC4A00426B2F /* ViewController.swift in Sources */ = {isa = PBXBuildFile; fileRef = 1405B5CE20A2EC4A00426B2F /* ViewController.swift */; };
		1405B5D420A2EC4C00426B2F /* Main.storyboard in Resources */ = {isa = PBXBuildFile; fileRef = 1405B5D220A2EC4C00426B2F /* Main.storyboard */; };
		1405B5DE20A2ECC400426B2F /* CoreBluetooth.framework in Frameworks */ = {isa = PBXBuildFile; fileRef = 1405B5DD20A2ECC400426B2F /* CoreBluetooth.framework */; };
		1405B62220A5A4D100426B2F /* Assets.xcassets in Resources */ = {isa = PBXBuildFile; fileRef = 1405B62120A5A4D100426B2F /* Assets.xcassets */; };
		1405B62420A610DF00426B2F /* BlueProtocol.swift in Sources */ = {isa = PBXBuildFile; fileRef = 1405B62320A610DF00426B2F /* BlueProtocol.swift */; };
/* End PBXBuildFile section */

/* Begin PBXFileReference section */
		1405B5C320A2EC4A00426B2F /* BlueBot.app */ = {isa = PBXFileReference; explicitFileType = wrapper.application; includeInIndex = 0; path = BlueBot.app; sourceTree = BUILT_PRODUCTS_DIR; };
		1405B5C620A2EC4A00426B2F /* AppDelegate.swift */ = {isa = PBXFileReference; lastKnownFileType = sourcecode.swift; path = AppDelegate.swift; sourceTree = "<group>"; };
		1405B5CC20A2EC4A00426B2F /* GameScene.swift */ = {isa = PBXFileReference; lastKnownFileType = sourcecode.swift; path = GameScene.swift; sourceTree = "<group>"; };
		1405B5CE20A2EC4A00426B2F /* ViewController.swift */ = {isa = PBXFileReference; lastKnownFileType = sourcecode.swift; path = ViewController.swift; sourceTree = "<group>"; };
		1405B5D320A2EC4C00426B2F /* Base */ = {isa = PBXFileReference; lastKnownFileType = file.storyboard; name = Base; path = Base.lproj/Main.storyboard; sourceTree = "<group>"; };
		1405B5D520A2EC4C00426B2F /* Info.plist */ = {isa = PBXFileReference; lastKnownFileType = text.plist.xml; path = Info.plist; sourceTree = "<group>"; };
		1405B5D620A2EC4C00426B2F /* BlueBot.entitlements */ = {isa = PBXFileReference; lastKnownFileType = text.plist.entitlements; path = BlueBot.entitlements; sourceTree = "<group>"; };
		1405B5DD20A2ECC400426B2F /* CoreBluetooth.framework */ = {isa = PBXFileReference; lastKnownFileType = wrapper.framework; name = CoreBluetooth.framework; path = System/Library/Frameworks/CoreBluetooth.framework; sourceTree = SDKROOT; };
		1405B62120A5A4D100426B2F /* Assets.xcassets */ = {isa = PBXFileReference; lastKnownFileType = folder.assetcatalog; path = Assets.xcassets; sourceTree = "<group>"; };
		1405B62320A610DF00426B2F /* BlueProtocol.swift */ = {isa = PBXFileReference; lastKnownFileType = sourcecode.swift; path = BlueProtocol.swift; sourceTree = "<group>"; };
/* End PBXFileReference section */

/* Begin PBXFrameworksBuildPhase section */
		1405B5C020A2EC4A00426B2F /* Frameworks */ = {
			isa = PBXFrameworksBuildPhase;
			buildActionMask = 2147483647;
			files = (
				1405B5DE20A2ECC400426B2F /* CoreBluetooth.framework in Frameworks */,
			);
			runOnlyForDeploymentPostprocessing = 0;
		};
/* End PBXFrameworksBuildPhase section */

/* Begin PBXGroup section */
		1405B5BA20A2EC4A00426B2F = {
			isa = PBXGroup;
			children = (
				1405B5C520A2EC4A00426B2F /* BlueBot */,
				1405B5C420A2EC4A00426B2F /* Products */,
				1405B5DC20A2ECC400426B2F /* Frameworks */,
			);
			sourceTree = "<group>";
		};
		1405B5C420A2EC4A00426B2F /* Products */ = {
			isa = PBXGroup;
			children = (
				1405B5C320A2EC4A00426B2F /* BlueBot.app */,
			);
			name = Products;
			sourceTree = "<group>";
		};
		1405B5C520A2EC4A00426B2F /* BlueBot */ = {
			isa = PBXGroup;
			children = (
				1405B5C620A2EC4A00426B2F /* AppDelegate.swift */,
				1405B5CC20A2EC4A00426B2F /* GameScene.swift */,
				1405B5CE20A2EC4A00426B2F /* ViewController.swift */,
				1405B5D220A2EC4C00426B2F /* Main.storyboard */,
				1405B5D520A2EC4C00426B2F /* Info.plist */,
				1405B5D620A2EC4C00426B2F /* BlueBot.entitlements */,
				1405B62120A5A4D100426B2F /* Assets.xcassets */,
				1405B62320A610DF00426B2F /* BlueProtocol.swift */,
			);
			path = BlueBot;
			sourceTree = "<group>";
		};
		1405B5DC20A2ECC400426B2F /* Frameworks */ = {
			isa = PBXGroup;
			children = (
				1405B5DD20A2ECC400426B2F /* CoreBluetooth.framework */,
			);
			name = Frameworks;
			sourceTree = "<group>";
		};
/* End PBXGroup section */

/* Begin PBXNativeTarget section */
		1405B5C220A2EC4A00426B2F /* BlueBot */ = {
			isa = PBXNativeTarget;
			buildConfigurationList = 1405B5D920A2EC4C00426B2F /* Build configuration list for PBXNativeTarget "BlueBot" */;
			buildPhases = (
				1405B5BF20A2EC4A00426B2F /* Sources */,
				1405B5C020A2EC4A00426B2F /* Frameworks */,
				1405B5C120A2EC4A00426B2F /* Resources */,
			);
			buildRules = (
			);
			dependencies = (
			);
			name = BlueBot;
			productName = BlueBot;
			productReference = 1405B5C320A2EC4A00426B2F /* BlueBot.app */;
			productType = "com.apple.product-type.application";
		};
/* End PBXNativeTarget section */

/* Begin PBXProject section */
		1405B5BB20A2EC4A00426B2F /* Project object */ = {
			isa = PBXProject;
			attributes = {
				LastSwiftUpdateCheck = 0930;
				LastUpgradeCheck = 0930;
				ORGANIZATIONNAME = "Nour Saffaf";
				TargetAttributes = {
					1405B5C220A2EC4A00426B2F = {
						CreatedOnToolsVersion = 9.3;
						SystemCapabilities = {
							com.apple.NetworkExtensions = {
								enabled = 0;
							};
						};
					};
				};
			};
			buildConfigurationList = 1405B5BE20A2EC4A00426B2F /* Build configuration list for PBXProject "BlueBot" */;
			compatibilityVersion = "Xcode 9.3";
			developmentRegion = en;
			hasScannedForEncodings = 0;
			knownRegions = (
				en,
				Base,
			);
			mainGroup = 1405B5BA20A2EC4A00426B2F;
			productRefGroup = 1405B5C420A2EC4A00426B2F /* Products */;
			projectDirPath = "";
			projectRoot = "";
			targets = (
				1405B5C220A2EC4A00426B2F /* BlueBot */,
			);
		};
/* End PBXProject section */

/* Begin PBXResourcesBuildPhase section */
		1405B5C120A2EC4A00426B2F /* Resources */ = {
			isa = PBXResourcesBuildPhase;
			buildActionMask = 2147483647;
			files = (
				1405B62220A5A4D100426B2F /* Assets.xcassets in Resources */,
				1405B5D420A2EC4C00426B2F /* Main.storyboard in Resources */,
			);
			runOnlyForDeploymentPostprocessing = 0;
		};
/* End PBXResourcesBuildPhase section */

/* Begin PBXSourcesBuildPhase section */
		1405B5BF20A2EC4A00426B2F /* Sources */ = {
			isa = PBXSourcesBuildPhase;
			buildActionMask = 2147483647;
			files = (
				1405B62420A610DF00426B2F /* BlueProtocol.swift in Sources */,
				1405B5CF20A2EC4A00426B2F /* ViewController.swift in Sources */,
				1405B5CD20A2EC4A00426B2F /* GameScene.swift in Sources */,
				1405B5C720A2EC4A00426B2F /* AppDelegate.swift in Sources */,
			);
			runOnlyForDeploymentPostprocessing = 0;
		};
/* End PBXSourcesBuildPhase section */

/* Begin PBXVariantGroup section */
		1405B5D220A2EC4C00426B2F /* Main.storyboard */ = {
			isa = PBXVariantGroup;
			children = (
				1405B5D320A2EC4C00426B2F /* Base */,
			);
			name = Main.storyboard;
			sourceTree = "<group>";
		};
/* End PBXVariantGroup section */

/* Begin XCBuildConfiguration section */
		1405B5D720A2EC4C00426B2F /* Debug */ = {
			isa = XCBuildConfiguration;
			buildSettings = {
				ALWAYS_SEARCH_USER_PATHS = NO;
				CLANG_ANALYZER_NONNULL = YES;
				CLANG_ANALYZER_NUMBER_OBJECT_CONVERSION = YES_AGGRESSIVE;
				CLANG_CXX_LANGUAGE_STANDARD = "gnu++14";
				CLANG_CXX_LIBRARY = "libc++";
				CLANG_ENABLE_MODULES = YES;
				CLANG_ENABLE_OBJC_ARC = YES;
				CLANG_ENABLE_OBJC_WEAK = YES;
				CLANG_WARN_BLOCK_CAPTURE_AUTORELEASING = YES;
				CLANG_WARN_BOOL_CONVERSION = YES;
				CLANG_WARN_COMMA = YES;
				CLANG_WARN_CONSTANT_CONVERSION = YES;
				CLANG_WARN_DEPRECATED_OBJC_IMPLEMENTATIONS = YES;
				CLANG_WARN_DIRECT_OBJC_ISA_USAGE = YES_ERROR;
				CLANG_WARN_DOCUMENTATION_COMMENTS = YES;
				CLANG_WARN_EMPTY_BODY = YES;
				CLANG_WARN_ENUM_CONVERSION = YES;
				CLANG_WARN_INFINITE_RECURSION = YES;
				CLANG_WARN_INT_CONVERSION = YES;
				CLANG_WARN_NON_LITERAL_NULL_CONVERSION = YES;
				CLANG_WARN_OBJC_IMPLICIT_RETAIN_SELF = YES;
				CLANG_WARN_OBJC_LITERAL_CONVERSION = YES;
				CLANG_WARN_OBJC_ROOT_CLASS = YES_ERROR;
				CLANG_WARN_RANGE_LOOP_ANALYSIS = YES;
				CLANG_WARN_STRICT_PROTOTYPES = YES;
				CLANG_WARN_SUSPICIOUS_MOVE = YES;
				CLANG_WARN_UNGUARDED_AVAILABILITY = YES_AGGRESSIVE;
				CLANG_WARN_UNREACHABLE_CODE = YES;
				CLANG_WARN__DUPLICATE_METHOD_MATCH = YES;
				CODE_SIGN_IDENTITY = "Mac Developer";
				COPY_PHASE_STRIP = NO;
				DEBUG_INFORMATION_FORMAT = dwarf;
				ENABLE_STRICT_OBJC_MSGSEND = YES;
				ENABLE_TESTABILITY = YES;
				GCC_C_LANGUAGE_STANDARD = gnu11;
				GCC_DYNAMIC_NO_PIC = NO;
				GCC_NO_COMMON_BLOCKS = YES;
				GCC_OPTIMIZATION_LEVEL = 0;
				GCC_PREPROCESSOR_DEFINITIONS = (
					"DEBUG=1",
					"$(inherited)",
				);
				GCC_WARN_64_TO_32_BIT_CONVERSION = YES;
				GCC_WARN_ABOUT_RETURN_TYPE = YES_ERROR;
				GCC_WARN_UNDECLARED_SELECTOR = YES;
				GCC_WARN_UNINITIALIZED_AUTOS = YES_AGGRESSIVE;
				GCC_WARN_UNUSED_FUNCTION = YES;
				GCC_WARN_UNUSED_VARIABLE = YES;
				MACOSX_DEPLOYMENT_TARGET = 10.13;
				MTL_ENABLE_DEBUG_INFO = YES;
				ONLY_ACTIVE_ARCH = YES;
				SDKROOT = macosx;
				SWIFT_ACTIVE_COMPILATION_CONDITIONS = DEBUG;
				SWIFT_OPTIMIZATION_LEVEL = "-Onone";
			};
			name = Debug;
		};
		1405B5D820A2EC4C00426B2F /* Release */ = {
			isa = XCBuildConfiguration;
			buildSettings = {
				ALWAYS_SEARCH_USER_PATHS = NO;
				CLANG_ANALYZER_NONNULL = YES;
				CLANG_ANALYZER_NUMBER_OBJECT_CONVERSION = YES_AGGRESSIVE;
				CLANG_CXX_LANGUAGE_STANDARD = "gnu++14";
				CLANG_CXX_LIBRARY = "libc++";
				CLANG_ENABLE_MODULES = YES;
				CLANG_ENABLE_OBJC_ARC = YES;
				CLANG_ENABLE_OBJC_WEAK = YES;
				CLANG_WARN_BLOCK_CAPTURE_AUTORELEASING = YES;
				CLANG_WARN_BOOL_CONVERSION = YES;
				CLANG_WARN_COMMA = YES;
				CLANG_WARN_CONSTANT_CONVERSION = YES;
				CLANG_WARN_DEPRECATED_OBJC_IMPLEMENTATIONS = YES;
				CLANG_WARN_DIRECT_OBJC_ISA_USAGE = YES_ERROR;
				CLANG_WARN_DOCUMENTATION_COMMENTS = YES;
				CLANG_WARN_EMPTY_BODY = YES;
				CLANG_WARN_ENUM_CONVERSION = YES;
				CLANG_WARN_INFINITE_RECURSION = YES;
				CLANG_WARN_INT_CONVERSION = YES;
				CLANG_WARN_NON_LITERAL_NULL_CONVERSION = YES;
				CLANG_WARN_OBJC_IMPLICIT_RETAIN_SELF = YES;
				CLANG_WARN_OBJC_LITERAL_CONVERSION = YES;
				CLANG_WARN_OBJC_ROOT_CLASS = YES_ERROR;
				CLANG_WARN_RANGE_LOOP_ANALYSIS = YES;
				CLANG_WARN_STRICT_PROTOTYPES = YES;
				CLANG_WARN_SUSPICIOUS_MOVE = YES;
				CLANG_WARN_UNGUARDED_AVAILABILITY = YES_AGGRESSIVE;
				CLANG_WARN_UNREACHABLE_CODE = YES;
				CLANG_WARN__DUPLICATE_METHOD_MATCH = YES;
				CODE_SIGN_IDENTITY = "Mac Developer";
				COPY_PHASE_STRIP = NO;
				DEBUG_INFORMATION_FORMAT = "dwarf-with-dsym";
				ENABLE_NS_ASSERTIONS = NO;
				ENABLE_STRICT_OBJC_MSGSEND = YES;
				GCC_C_LANGUAGE_STANDARD = gnu11;
				GCC_NO_COMMON_BLOCKS = YES;
				GCC_WARN_64_TO_32_BIT_CONVERSION = YES;
				GCC_WARN_ABOUT_RETURN_TYPE = YES_ERROR;
				GCC_WARN_UNDECLARED_SELECTOR = YES;
				GCC_WARN_UNINITIALIZED_AUTOS = YES_AGGRESSIVE;
				GCC_WARN_UNUSED_FUNCTION = YES;
				GCC_WARN_UNUSED_VARIABLE = YES;
				MACOSX_DEPLOYMENT_TARGET = 10.13;
				MTL_ENABLE_DEBUG_INFO = NO;
				SDKROOT = macosx;
				SWIFT_COMPILATION_MODE = wholemodule;
				SWIFT_OPTIMIZATION_LEVEL = "-O";
			};
			name = Release;
		};
		1405B5DA20A2EC4C00426B2F /* Debug */ = {
			isa = XCBuildConfiguration;
			buildSettings = {
				ASSETCATALOG_COMPILER_APPICON_NAME = AppIcon;
				CODE_SIGN_STYLE = Automatic;
				COMBINE_HIDPI_IMAGES = YES;
				DEVELOPMENT_TEAM = 933J8KG6Y8;
				INFOPLIST_FILE = BlueBot/Info.plist;
				LD_RUNPATH_SEARCH_PATHS = (
					"$(inherited)",
					"@executable_path/../Frameworks",
				);
				PRODUCT_BUNDLE_IDENTIFIER = me.noro.BlueBot;
				PRODUCT_NAME = "$(TARGET_NAME)";
				SWIFT_VERSION = 4.0;
			};
			name = Debug;
		};
		1405B5DB20A2EC4C00426B2F /* Release */ = {
			isa = XCBuildConfiguration;
			buildSettings = {
				ASSETCATALOG_COMPILER_APPICON_NAME = AppIcon;
				CODE_SIGN_STYLE = Automatic;
				COMBINE_HIDPI_IMAGES = YES;
				DEVELOPMENT_TEAM = 933J8KG6Y8;
				INFOPLIST_FILE = BlueBot/Info.plist;
				LD_RUNPATH_SEARCH_PATHS = (
					"$(inherited)",
					"@executable_path/../Frameworks",
				);
				PRODUCT_BUNDLE_IDENTIFIER = me.noro.BlueBot;
				PRODUCT_NAME = "$(TARGET_NAME)";
				SWIFT_VERSION = 4.0;
			};
			name = Release;
		};
/* End XCBuildConfiguration section */

/* Begin XCConfigurationList section */
		1405B5BE20A2EC4A00426B2F /* Build configuration list for PBXProject "BlueBot" */ = {
			isa = XCConfigurationList;
			buildConfigurations = (
				1405B5D720A2EC4C00426B2F /* Debug */,
				1405B5D820A2EC4C00426B2F /* Release */,
			);
			defaultConfigurationIsVisible = 0;
			defaultConfigurationName = Release;
		};
		1405B5D920A2EC4C00426B2F /* Build configuration list for PBXNativeTarget "BlueBot" */ = {
			isa = XCConfigurationList;
			buildConfigurations = (
				1405B5DA20A2EC4C00426B2F /* Debug */,
				1405B5DB20A2EC4C00426B2F /* Release */,
			);
			defaultConfigurationIsVisible = 0;
			defaultConfigurationName = Release;
		};
/* End XCConfigurationList section */
	};
	rootObject = 1405B5BB20A2EC4A00426B2F /* Project object */;
}
